
Microsoft Visual Studio Solution File, Format Version 12.00
# Visual Studio Version 17
VisualStudioVersion = 17.0.32014.148
MinimumVisualStudioVersion = 10.0.40219.1
Project("{2150E333-8FDC-42A3-9474-1A3956D46DE8}") = "Presentation", "Presentation", "{3409A9B9-3991-4555-AF94-00D5896F087F}"
EndProject
Project("{2150E333-8FDC-42A3-9474-1A3956D46DE8}") = "Domain", "Domain", "{D94AEF63-665D-4C46-9A44-2C20529842EF}"
EndProject
Project("{2150E333-8FDC-42A3-9474-1A3956D46DE8}") = "Infrastructure", "Infrastructure", "{32EE8FBA-767F-4E30-A2C4-4BFA64F7CECB}"
EndProject
Project("{2150E333-8FDC-42A3-9474-1A3956D46DE8}") = "Bus", "Bus", "{52069012-5815-446C-BEFB-E212FBA30E5D}"
EndProject
Project("{2150E333-8FDC-42A3-9474-1A3956D46DE8}") = "IoC", "IoC", "{2ED6423F-AE52-4774-80E4-BE9BD38C315E}"
EndProject
Project("{9A19103F-16F7-4668-BE54-9A1E7A4F7556}") = "MicroServicesRabbitMQ.Domain.Core", "MicroServicesRabbitMQ.Domain.Core\MicroServicesRabbitMQ.Domain.Core.csproj", "{EDB4B112-3CAE-43B4-9A10-97D0A365EDBB}"
EndProject
Project("{9A19103F-16F7-4668-BE54-9A1E7A4F7556}") = "MicroServicesRabbitMQ.Infrastructure.Bus", "MicroServicesRabbitMQ.Infrastructure.Bus\MicroServicesRabbitMQ.Infrastructure.Bus.csproj", "{6D2D3400-CB06-472D-A986-5BF089B67011}"
EndProject
Project("{9A19103F-16F7-4668-BE54-9A1E7A4F7556}") = "MicroServicesRabbitMQ.Infrastructure.IoC", "MicroServicesRabbitMQ.Infrastructure.IoC\MicroServicesRabbitMQ.Infrastructure.IoC.csproj", "{1868DD0E-8B35-4E62-A05C-F05E6BF7845C}"
EndProject
Project("{2150E333-8FDC-42A3-9474-1A3956D46DE8}") = "Microservices", "Microservices", "{98B0DA74-1C1F-4014-8470-450C32DB73F9}"
EndProject
Project("{2150E333-8FDC-42A3-9474-1A3956D46DE8}") = "Api", "Api", "{64A000F7-30B2-43D6-B819-15CB52351378}"
EndProject
Project("{2150E333-8FDC-42A3-9474-1A3956D46DE8}") = "Domain", "Domain", "{56166B80-D43C-43C9-A171-5883F8728B32}"
EndProject
Project("{2150E333-8FDC-42A3-9474-1A3956D46DE8}") = "Data", "Data", "{A873065B-D99A-4280-9569-E395C0C05BB6}"
EndProject
Project("{2150E333-8FDC-42A3-9474-1A3956D46DE8}") = "Application", "Application", "{4AD59D5A-979F-429E-A7D5-F6123D6B60FF}"
EndProject
Project("{FAE04EC0-301F-11D3-BF4B-00C04F79EFBC}") = "MicroRabbit.Banking.Api", "MicroRabbit.Banking.Api\MicroRabbit.Banking.Api.csproj", "{4A6C336F-10F4-4032-B284-2868915635A6}"
EndProject
Project("{FAE04EC0-301F-11D3-BF4B-00C04F79EFBC}") = "MicroRabbit.Banking.Application", "MicroRabbit.Banking.Application\MicroRabbit.Banking.Application.csproj", "{9CABCE38-8652-4FC6-B89C-70E79288FCA4}"
EndProject
Project("{FAE04EC0-301F-11D3-BF4B-00C04F79EFBC}") = "MicroRabbit.Banking.Data", "MicroRabbit.Banking.Data\MicroRabbit.Banking.Data.csproj", "{D6C056A2-5F79-4F33-996C-D9F77C3342CA}"
EndProject
Project("{FAE04EC0-301F-11D3-BF4B-00C04F79EFBC}") = "MicroRabbit.Banking.Domain", "MicroRabbit.Banking.Domain\MicroRabbit.Banking.Domain.csproj", "{E01BD376-CDF0-4E06-BB46-BAB7BDB62F9D}"
EndProject
Global
	GlobalSection(SolutionConfigurationPlatforms) = preSolution
		Debug|Any CPU = Debug|Any CPU
		Release|Any CPU = Release|Any CPU
	EndGlobalSection
	GlobalSection(ProjectConfigurationPlatforms) = postSolution
		{EDB4B112-3CAE-43B4-9A10-97D0A365EDBB}.Debug|Any CPU.ActiveCfg = Debug|Any CPU
		{EDB4B112-3CAE-43B4-9A10-97D0A365EDBB}.Debug|Any CPU.Build.0 = Debug|Any CPU
		{EDB4B112-3CAE-43B4-9A10-97D0A365EDBB}.Release|Any CPU.ActiveCfg = Release|Any CPU
		{EDB4B112-3CAE-43B4-9A10-97D0A365EDBB}.Release|Any CPU.Build.0 = Release|Any CPU
		{6D2D3400-CB06-472D-A986-5BF089B67011}.Debug|Any CPU.ActiveCfg = Debug|Any CPU
		{6D2D3400-CB06-472D-A986-5BF089B67011}.Debug|Any CPU.Build.0 = Debug|Any CPU
		{6D2D3400-CB06-472D-A986-5BF089B67011}.Release|Any CPU.ActiveCfg = Release|Any CPU
		{6D2D3400-CB06-472D-A986-5BF089B67011}.Release|Any CPU.Build.0 = Release|Any CPU
		{1868DD0E-8B35-4E62-A05C-F05E6BF7845C}.Debug|Any CPU.ActiveCfg = Debug|Any CPU
		{1868DD0E-8B35-4E62-A05C-F05E6BF7845C}.Debug|Any CPU.Build.0 = Debug|Any CPU
		{1868DD0E-8B35-4E62-A05C-F05E6BF7845C}.Release|Any CPU.ActiveCfg = Release|Any CPU
		{1868DD0E-8B35-4E62-A05C-F05E6BF7845C}.Release|Any CPU.Build.0 = Release|Any CPU
		{4A6C336F-10F4-4032-B284-2868915635A6}.Debug|Any CPU.ActiveCfg = Debug|Any CPU
		{4A6C336F-10F4-4032-B284-2868915635A6}.Debug|Any CPU.Build.0 = Debug|Any CPU
		{4A6C336F-10F4-4032-B284-2868915635A6}.Release|Any CPU.ActiveCfg = Release|Any CPU
		{4A6C336F-10F4-4032-B284-2868915635A6}.Release|Any CPU.Build.0 = Release|Any CPU
		{9CABCE38-8652-4FC6-B89C-70E79288FCA4}.Debug|Any CPU.ActiveCfg = Debug|Any CPU
		{9CABCE38-8652-4FC6-B89C-70E79288FCA4}.Debug|Any CPU.Build.0 = Debug|Any CPU
		{9CABCE38-8652-4FC6-B89C-70E79288FCA4}.Release|Any CPU.ActiveCfg = Release|Any CPU
		{9CABCE38-8652-4FC6-B89C-70E79288FCA4}.Release|Any CPU.Build.0 = Release|Any CPU
		{D6C056A2-5F79-4F33-996C-D9F77C3342CA}.Debug|Any CPU.ActiveCfg = Debug|Any CPU
		{D6C056A2-5F79-4F33-996C-D9F77C3342CA}.Debug|Any CPU.Build.0 = Debug|Any CPU
		{D6C056A2-5F79-4F33-996C-D9F77C3342CA}.Release|Any CPU.ActiveCfg = Release|Any CPU
		{D6C056A2-5F79-4F33-996C-D9F77C3342CA}.Release|Any CPU.Build.0 = Release|Any CPU
		{E01BD376-CDF0-4E06-BB46-BAB7BDB62F9D}.Debug|Any CPU.ActiveCfg = Debug|Any CPU
		{E01BD376-CDF0-4E06-BB46-BAB7BDB62F9D}.Debug|Any CPU.Build.0 = Debug|Any CPU
		{E01BD376-CDF0-4E06-BB46-BAB7BDB62F9D}.Release|Any CPU.ActiveCfg = Release|Any CPU
		{E01BD376-CDF0-4E06-BB46-BAB7BDB62F9D}.Release|Any CPU.Build.0 = Release|Any CPU
	EndGlobalSection
	GlobalSection(SolutionProperties) = preSolution
		HideSolutionNode = FALSE
	EndGlobalSection
	GlobalSection(NestedProjects) = preSolution
		{52069012-5815-446C-BEFB-E212FBA30E5D} = {32EE8FBA-767F-4E30-A2C4-4BFA64F7CECB}
		{2ED6423F-AE52-4774-80E4-BE9BD38C315E} = {32EE8FBA-767F-4E30-A2C4-4BFA64F7CECB}
		{EDB4B112-3CAE-43B4-9A10-97D0A365EDBB} = {D94AEF63-665D-4C46-9A44-2C20529842EF}
		{6D2D3400-CB06-472D-A986-5BF089B67011} = {52069012-5815-446C-BEFB-E212FBA30E5D}
		{1868DD0E-8B35-4E62-A05C-F05E6BF7845C} = {2ED6423F-AE52-4774-80E4-BE9BD38C315E}
		{64A000F7-30B2-43D6-B819-15CB52351378} = {98B0DA74-1C1F-4014-8470-450C32DB73F9}
		{56166B80-D43C-43C9-A171-5883F8728B32} = {98B0DA74-1C1F-4014-8470-450C32DB73F9}
		{A873065B-D99A-4280-9569-E395C0C05BB6} = {98B0DA74-1C1F-4014-8470-450C32DB73F9}
		{4AD59D5A-979F-429E-A7D5-F6123D6B60FF} = {98B0DA74-1C1F-4014-8470-450C32DB73F9}
		{4A6C336F-10F4-4032-B284-2868915635A6} = {64A000F7-30B2-43D6-B819-15CB52351378}
		{9CABCE38-8652-4FC6-B89C-70E79288FCA4} = {4AD59D5A-979F-429E-A7D5-F6123D6B60FF}
		{D6C056A2-5F79-4F33-996C-D9F77C3342CA} = {A873065B-D99A-4280-9569-E395C0C05BB6}
		{E01BD376-CDF0-4E06-BB46-BAB7BDB62F9D} = {56166B80-D43C-43C9-A171-5883F8728B32}
	EndGlobalSection
	GlobalSection(ExtensibilityGlobals) = postSolution
		SolutionGuid = {8C0221B4-3B53-4EC1-AA6C-A2A77E5ABD17}
	EndGlobalSection
EndGlobal
