
Microsoft Visual Studio Solution File, Format Version 12.00
# Visual Studio Version 17
VisualStudioVersion = 17.0.32014.148
MinimumVisualStudioVersion = 10.0.40219.1
Project("{2150E333-8FDC-42A3-9474-1A3956D46DE8}") = "Presentation", "Presentation", "{3409A9B9-3991-4555-AF94-00D5896F087F}"
EndProject
Project("{2150E333-8FDC-42A3-9474-1A3956D46DE8}") = "Domain", "Domain", "{D94AEF63-665D-4C46-9A44-2C20529842EF}"
EndProject
Project("{2150E333-8FDC-42A3-9474-1A3956D46DE8}") = "Infrastructure", "Infrastructure", "{32EE8FBA-767F-4E30-A2C4-4BFA64F7CECB}"
EndProject
Project("{2150E333-8FDC-42A3-9474-1A3956D46DE8}") = "Microservices", "Microservices", "{F310BEA0-38C7-4CA9-89CD-A7A13D5476B2}"
EndProject
Project("{2150E333-8FDC-42A3-9474-1A3956D46DE8}") = "Bus", "Bus", "{52069012-5815-446C-BEFB-E212FBA30E5D}"
EndProject
Project("{2150E333-8FDC-42A3-9474-1A3956D46DE8}") = "IoC", "IoC", "{2ED6423F-AE52-4774-80E4-BE9BD38C315E}"
EndProject
Project("{9A19103F-16F7-4668-BE54-9A1E7A4F7556}") = "MicroServicesRabbitMQ.Domain.Core", "MicroServicesRabbitMQ.Domain.Core\MicroServicesRabbitMQ.Domain.Core.csproj", "{EDB4B112-3CAE-43B4-9A10-97D0A365EDBB}"
EndProject
Project("{FAE04EC0-301F-11D3-BF4B-00C04F79EFBC}") = "MicroServicesRabbitMQ.Infrastructure.Bus", "MicroServicesRabbitMQ.Infrastructure.Bus\MicroServicesRabbitMQ.Infrastructure.Bus.csproj", "{6D2D3400-CB06-472D-A986-5BF089B67011}"
EndProject
Global
	GlobalSection(SolutionConfigurationPlatforms) = preSolution
		Debug|Any CPU = Debug|Any CPU
		Release|Any CPU = Release|Any CPU
	EndGlobalSection
	GlobalSection(ProjectConfigurationPlatforms) = postSolution
		{EDB4B112-3CAE-43B4-9A10-97D0A365EDBB}.Debug|Any CPU.ActiveCfg = Debug|Any CPU
		{EDB4B112-3CAE-43B4-9A10-97D0A365EDBB}.Debug|Any CPU.Build.0 = Debug|Any CPU
		{EDB4B112-3CAE-43B4-9A10-97D0A365EDBB}.Release|Any CPU.ActiveCfg = Release|Any CPU
		{EDB4B112-3CAE-43B4-9A10-97D0A365EDBB}.Release|Any CPU.Build.0 = Release|Any CPU
		{6D2D3400-CB06-472D-A986-5BF089B67011}.Debug|Any CPU.ActiveCfg = Debug|Any CPU
		{6D2D3400-CB06-472D-A986-5BF089B67011}.Debug|Any CPU.Build.0 = Debug|Any CPU
		{6D2D3400-CB06-472D-A986-5BF089B67011}.Release|Any CPU.ActiveCfg = Release|Any CPU
		{6D2D3400-CB06-472D-A986-5BF089B67011}.Release|Any CPU.Build.0 = Release|Any CPU
	EndGlobalSection
	GlobalSection(SolutionProperties) = preSolution
		HideSolutionNode = FALSE
	EndGlobalSection
	GlobalSection(NestedProjects) = preSolution
		{52069012-5815-446C-BEFB-E212FBA30E5D} = {32EE8FBA-767F-4E30-A2C4-4BFA64F7CECB}
		{2ED6423F-AE52-4774-80E4-BE9BD38C315E} = {32EE8FBA-767F-4E30-A2C4-4BFA64F7CECB}
		{EDB4B112-3CAE-43B4-9A10-97D0A365EDBB} = {D94AEF63-665D-4C46-9A44-2C20529842EF}
		{6D2D3400-CB06-472D-A986-5BF089B67011} = {52069012-5815-446C-BEFB-E212FBA30E5D}
	EndGlobalSection
	GlobalSection(ExtensibilityGlobals) = postSolution
		SolutionGuid = {8C0221B4-3B53-4EC1-AA6C-A2A77E5ABD17}
	EndGlobalSection
EndGlobal
